
Microsoft Visual Studio Solution File, Format Version 12.00
# Visual Studio 15
VisualStudioVersion = 15.0.26430.13
MinimumVisualStudioVersion = 10.0.40219.1
Project("{D954291E-2A0B-460D-934E-DC6B0785DB48}") = "Wtd", "Wtd\Wtd\Wtd.shproj", "{265B1E88-31CF-4027-80D2-ECDA9E750EB9}"
EndProject
Project("{FAE04EC0-301F-11D3-BF4B-00C04F79EFBC}") = "Wtd.Android", "Wtd\Wtd.Android\Wtd.Android.csproj", "{347621A6-A7F2-48A8-B165-0EED4B981638}"
EndProject
Project("{FAE04EC0-301F-11D3-BF4B-00C04F79EFBC}") = "Wtd.iOS", "Wtd\Wtd.iOS\Wtd.iOS.csproj", "{CDF78B6E-07F3-4A4D-9478-4C599D74366C}"
EndProject
Project("{FAE04EC0-301F-11D3-BF4B-00C04F79EFBC}") = "Wtd.UWP", "Wtd\Wtd.UWP\Wtd.UWP.csproj", "{5F47DB8E-924D-4255-9839-AA3737E8B988}"
EndProject
Global
	GlobalSection(SharedMSBuildProjectFiles) = preSolution
		Wtd\Wtd\Wtd.projitems*{265b1e88-31cf-4027-80d2-ecda9e750eb9}*SharedItemsImports = 13
		Wtd\Wtd\Wtd.projitems*{347621a6-a7f2-48a8-b165-0eed4b981638}*SharedItemsImports = 4
		Wtd\Wtd\Wtd.projitems*{cdf78b6e-07f3-4a4d-9478-4c599d74366c}*SharedItemsImports = 4
	EndGlobalSection
	GlobalSection(SolutionConfigurationPlatforms) = preSolution
		Ad-Hoc|Any CPU = Ad-Hoc|Any CPU
		Ad-Hoc|ARM = Ad-Hoc|ARM
		Ad-Hoc|iPhone = Ad-Hoc|iPhone
		Ad-Hoc|iPhoneSimulator = Ad-Hoc|iPhoneSimulator
		Ad-Hoc|x64 = Ad-Hoc|x64
		Ad-Hoc|x86 = Ad-Hoc|x86
		AppStore|Any CPU = AppStore|Any CPU
		AppStore|ARM = AppStore|ARM
		AppStore|iPhone = AppStore|iPhone
		AppStore|iPhoneSimulator = AppStore|iPhoneSimulator
		AppStore|x64 = AppStore|x64
		AppStore|x86 = AppStore|x86
		Debug|Any CPU = Debug|Any CPU
		Debug|ARM = Debug|ARM
		Debug|iPhone = Debug|iPhone
		Debug|iPhoneSimulator = Debug|iPhoneSimulator
		Debug|x64 = Debug|x64
		Debug|x86 = Debug|x86
		Release|Any CPU = Release|Any CPU
		Release|ARM = Release|ARM
		Release|iPhone = Release|iPhone
		Release|iPhoneSimulator = Release|iPhoneSimulator
		Release|x64 = Release|x64
		Release|x86 = Release|x86
	EndGlobalSection
	GlobalSection(ProjectConfigurationPlatforms) = postSolution
		{347621A6-A7F2-48A8-B165-0EED4B981638}.Ad-Hoc|Any CPU.ActiveCfg = Release|Any CPU
		{347621A6-A7F2-48A8-B165-0EED4B981638}.Ad-Hoc|Any CPU.Build.0 = Release|Any CPU
		{347621A6-A7F2-48A8-B165-0EED4B981638}.Ad-Hoc|Any CPU.Deploy.0 = Release|Any CPU
		{347621A6-A7F2-48A8-B165-0EED4B981638}.Ad-Hoc|ARM.ActiveCfg = Release|Any CPU
		{347621A6-A7F2-48A8-B165-0EED4B981638}.Ad-Hoc|ARM.Build.0 = Release|Any CPU
		{347621A6-A7F2-48A8-B165-0EED4B981638}.Ad-Hoc|ARM.Deploy.0 = Release|Any CPU
		{347621A6-A7F2-48A8-B165-0EED4B981638}.Ad-Hoc|iPhone.ActiveCfg = Release|Any CPU
		{347621A6-A7F2-48A8-B165-0EED4B981638}.Ad-Hoc|iPhone.Build.0 = Release|Any CPU
		{347621A6-A7F2-48A8-B165-0EED4B981638}.Ad-Hoc|iPhone.Deploy.0 = Release|Any CPU
		{347621A6-A7F2-48A8-B165-0EED4B981638}.Ad-Hoc|iPhoneSimulator.ActiveCfg = Release|Any CPU
		{347621A6-A7F2-48A8-B165-0EED4B981638}.Ad-Hoc|iPhoneSimulator.Build.0 = Release|Any CPU
		{347621A6-A7F2-48A8-B165-0EED4B981638}.Ad-Hoc|iPhoneSimulator.Deploy.0 = Release|Any CPU
		{347621A6-A7F2-48A8-B165-0EED4B981638}.Ad-Hoc|x64.ActiveCfg = Release|Any CPU
		{347621A6-A7F2-48A8-B165-0EED4B981638}.Ad-Hoc|x64.Build.0 = Release|Any CPU
		{347621A6-A7F2-48A8-B165-0EED4B981638}.Ad-Hoc|x64.Deploy.0 = Release|Any CPU
		{347621A6-A7F2-48A8-B165-0EED4B981638}.Ad-Hoc|x86.ActiveCfg = Release|Any CPU
		{347621A6-A7F2-48A8-B165-0EED4B981638}.Ad-Hoc|x86.Build.0 = Release|Any CPU
		{347621A6-A7F2-48A8-B165-0EED4B981638}.Ad-Hoc|x86.Deploy.0 = Release|Any CPU
		{347621A6-A7F2-48A8-B165-0EED4B981638}.AppStore|Any CPU.ActiveCfg = Release|Any CPU
		{347621A6-A7F2-48A8-B165-0EED4B981638}.AppStore|Any CPU.Build.0 = Release|Any CPU
		{347621A6-A7F2-48A8-B165-0EED4B981638}.AppStore|Any CPU.Deploy.0 = Release|Any CPU
		{347621A6-A7F2-48A8-B165-0EED4B981638}.AppStore|ARM.ActiveCfg = Release|Any CPU
		{347621A6-A7F2-48A8-B165-0EED4B981638}.AppStore|ARM.Build.0 = Release|Any CPU
		{347621A6-A7F2-48A8-B165-0EED4B981638}.AppStore|ARM.Deploy.0 = Release|Any CPU
		{347621A6-A7F2-48A8-B165-0EED4B981638}.AppStore|iPhone.ActiveCfg = Release|Any CPU
		{347621A6-A7F2-48A8-B165-0EED4B981638}.AppStore|iPhone.Build.0 = Release|Any CPU
		{347621A6-A7F2-48A8-B165-0EED4B981638}.AppStore|iPhone.Deploy.0 = Release|Any CPU
		{347621A6-A7F2-48A8-B165-0EED4B981638}.AppStore|iPhoneSimulator.ActiveCfg = Release|Any CPU
		{347621A6-A7F2-48A8-B165-0EED4B981638}.AppStore|iPhoneSimulator.Build.0 = Release|Any CPU
		{347621A6-A7F2-48A8-B165-0EED4B981638}.AppStore|iPhoneSimulator.Deploy.0 = Release|Any CPU
		{347621A6-A7F2-48A8-B165-0EED4B981638}.AppStore|x64.ActiveCfg = Release|Any CPU
		{347621A6-A7F2-48A8-B165-0EED4B981638}.AppStore|x64.Build.0 = Release|Any CPU
		{347621A6-A7F2-48A8-B165-0EED4B981638}.AppStore|x64.Deploy.0 = Release|Any CPU
		{347621A6-A7F2-48A8-B165-0EED4B981638}.AppStore|x86.ActiveCfg = Release|Any CPU
		{347621A6-A7F2-48A8-B165-0EED4B981638}.AppStore|x86.Build.0 = Release|Any CPU
		{347621A6-A7F2-48A8-B165-0EED4B981638}.AppStore|x86.Deploy.0 = Release|Any CPU
		{347621A6-A7F2-48A8-B165-0EED4B981638}.Debug|Any CPU.ActiveCfg = Debug|Any CPU
		{347621A6-A7F2-48A8-B165-0EED4B981638}.Debug|Any CPU.Build.0 = Debug|Any CPU
		{347621A6-A7F2-48A8-B165-0EED4B981638}.Debug|Any CPU.Deploy.0 = Debug|Any CPU
		{347621A6-A7F2-48A8-B165-0EED4B981638}.Debug|ARM.ActiveCfg = Debug|Any CPU
		{347621A6-A7F2-48A8-B165-0EED4B981638}.Debug|ARM.Build.0 = Debug|Any CPU
		{347621A6-A7F2-48A8-B165-0EED4B981638}.Debug|ARM.Deploy.0 = Debug|Any CPU
		{347621A6-A7F2-48A8-B165-0EED4B981638}.Debug|iPhone.ActiveCfg = Debug|Any CPU
		{347621A6-A7F2-48A8-B165-0EED4B981638}.Debug|iPhone.Build.0 = Debug|Any CPU
		{347621A6-A7F2-48A8-B165-0EED4B981638}.Debug|iPhone.Deploy.0 = Debug|Any CPU
		{347621A6-A7F2-48A8-B165-0EED4B981638}.Debug|iPhoneSimulator.ActiveCfg = Debug|Any CPU
		{347621A6-A7F2-48A8-B165-0EED4B981638}.Debug|iPhoneSimulator.Build.0 = Debug|Any CPU
		{347621A6-A7F2-48A8-B165-0EED4B981638}.Debug|iPhoneSimulator.Deploy.0 = Debug|Any CPU
		{347621A6-A7F2-48A8-B165-0EED4B981638}.Debug|x64.ActiveCfg = Debug|Any CPU
		{347621A6-A7F2-48A8-B165-0EED4B981638}.Debug|x64.Build.0 = Debug|Any CPU
		{347621A6-A7F2-48A8-B165-0EED4B981638}.Debug|x64.Deploy.0 = Debug|Any CPU
		{347621A6-A7F2-48A8-B165-0EED4B981638}.Debug|x86.ActiveCfg = Debug|Any CPU
		{347621A6-A7F2-48A8-B165-0EED4B981638}.Debug|x86.Build.0 = Debug|Any CPU
		{347621A6-A7F2-48A8-B165-0EED4B981638}.Debug|x86.Deploy.0 = Debug|Any CPU
		{347621A6-A7F2-48A8-B165-0EED4B981638}.Release|Any CPU.ActiveCfg = Release|Any CPU
		{347621A6-A7F2-48A8-B165-0EED4B981638}.Release|Any CPU.Build.0 = Release|Any CPU
		{347621A6-A7F2-48A8-B165-0EED4B981638}.Release|Any CPU.Deploy.0 = Release|Any CPU
		{347621A6-A7F2-48A8-B165-0EED4B981638}.Release|ARM.ActiveCfg = Release|Any CPU
		{347621A6-A7F2-48A8-B165-0EED4B981638}.Release|ARM.Build.0 = Release|Any CPU
		{347621A6-A7F2-48A8-B165-0EED4B981638}.Release|ARM.Deploy.0 = Release|Any CPU
		{347621A6-A7F2-48A8-B165-0EED4B981638}.Release|iPhone.ActiveCfg = Release|Any CPU
		{347621A6-A7F2-48A8-B165-0EED4B981638}.Release|iPhone.Build.0 = Release|Any CPU
		{347621A6-A7F2-48A8-B165-0EED4B981638}.Release|iPhone.Deploy.0 = Release|Any CPU
		{347621A6-A7F2-48A8-B165-0EED4B981638}.Release|iPhoneSimulator.ActiveCfg = Release|Any CPU
		{347621A6-A7F2-48A8-B165-0EED4B981638}.Release|iPhoneSimulator.Build.0 = Release|Any CPU
		{347621A6-A7F2-48A8-B165-0EED4B981638}.Release|iPhoneSimulator.Deploy.0 = Release|Any CPU
		{347621A6-A7F2-48A8-B165-0EED4B981638}.Release|x64.ActiveCfg = Release|Any CPU
		{347621A6-A7F2-48A8-B165-0EED4B981638}.Release|x64.Build.0 = Release|Any CPU
		{347621A6-A7F2-48A8-B165-0EED4B981638}.Release|x64.Deploy.0 = Release|Any CPU
		{347621A6-A7F2-48A8-B165-0EED4B981638}.Release|x86.ActiveCfg = Release|Any CPU
		{347621A6-A7F2-48A8-B165-0EED4B981638}.Release|x86.Build.0 = Release|Any CPU
		{347621A6-A7F2-48A8-B165-0EED4B981638}.Release|x86.Deploy.0 = Release|Any CPU
		{CDF78B6E-07F3-4A4D-9478-4C599D74366C}.Ad-Hoc|Any CPU.ActiveCfg = Ad-Hoc|iPhone
		{CDF78B6E-07F3-4A4D-9478-4C599D74366C}.Ad-Hoc|ARM.ActiveCfg = Ad-Hoc|iPhone
		{CDF78B6E-07F3-4A4D-9478-4C599D74366C}.Ad-Hoc|iPhone.ActiveCfg = Ad-Hoc|iPhone
		{CDF78B6E-07F3-4A4D-9478-4C599D74366C}.Ad-Hoc|iPhone.Build.0 = Ad-Hoc|iPhone
		{CDF78B6E-07F3-4A4D-9478-4C599D74366C}.Ad-Hoc|iPhoneSimulator.ActiveCfg = Ad-Hoc|iPhoneSimulator
		{CDF78B6E-07F3-4A4D-9478-4C599D74366C}.Ad-Hoc|iPhoneSimulator.Build.0 = Ad-Hoc|iPhoneSimulator
		{CDF78B6E-07F3-4A4D-9478-4C599D74366C}.Ad-Hoc|x64.ActiveCfg = Ad-Hoc|iPhone
		{CDF78B6E-07F3-4A4D-9478-4C599D74366C}.Ad-Hoc|x86.ActiveCfg = Ad-Hoc|iPhone
		{CDF78B6E-07F3-4A4D-9478-4C599D74366C}.AppStore|Any CPU.ActiveCfg = AppStore|iPhone
		{CDF78B6E-07F3-4A4D-9478-4C599D74366C}.AppStore|ARM.ActiveCfg = AppStore|iPhone
		{CDF78B6E-07F3-4A4D-9478-4C599D74366C}.AppStore|iPhone.ActiveCfg = AppStore|iPhone
		{CDF78B6E-07F3-4A4D-9478-4C599D74366C}.AppStore|iPhone.Build.0 = AppStore|iPhone
		{CDF78B6E-07F3-4A4D-9478-4C599D74366C}.AppStore|iPhoneSimulator.ActiveCfg = AppStore|iPhoneSimulator
		{CDF78B6E-07F3-4A4D-9478-4C599D74366C}.AppStore|iPhoneSimulator.Build.0 = AppStore|iPhoneSimulator
		{CDF78B6E-07F3-4A4D-9478-4C599D74366C}.AppStore|x64.ActiveCfg = AppStore|iPhone
		{CDF78B6E-07F3-4A4D-9478-4C599D74366C}.AppStore|x86.ActiveCfg = AppStore|iPhone
		{CDF78B6E-07F3-4A4D-9478-4C599D74366C}.Debug|Any CPU.ActiveCfg = Debug|iPhone
		{CDF78B6E-07F3-4A4D-9478-4C599D74366C}.Debug|ARM.ActiveCfg = Debug|iPhone
		{CDF78B6E-07F3-4A4D-9478-4C599D74366C}.Debug|iPhone.ActiveCfg = Debug|iPhone
		{CDF78B6E-07F3-4A4D-9478-4C599D74366C}.Debug|iPhone.Build.0 = Debug|iPhone
		{CDF78B6E-07F3-4A4D-9478-4C599D74366C}.Debug|iPhoneSimulator.ActiveCfg = Debug|iPhoneSimulator
		{CDF78B6E-07F3-4A4D-9478-4C599D74366C}.Debug|iPhoneSimulator.Build.0 = Debug|iPhoneSimulator
		{CDF78B6E-07F3-4A4D-9478-4C599D74366C}.Debug|x64.ActiveCfg = Debug|iPhone
		{CDF78B6E-07F3-4A4D-9478-4C599D74366C}.Debug|x86.ActiveCfg = Debug|iPhone
		{CDF78B6E-07F3-4A4D-9478-4C599D74366C}.Release|Any CPU.ActiveCfg = Release|iPhone
		{CDF78B6E-07F3-4A4D-9478-4C599D74366C}.Release|ARM.ActiveCfg = Release|iPhone
		{CDF78B6E-07F3-4A4D-9478-4C599D74366C}.Release|iPhone.ActiveCfg = Release|iPhone
		{CDF78B6E-07F3-4A4D-9478-4C599D74366C}.Release|iPhone.Build.0 = Release|iPhone
		{CDF78B6E-07F3-4A4D-9478-4C599D74366C}.Release|iPhoneSimulator.ActiveCfg = Release|iPhoneSimulator
		{CDF78B6E-07F3-4A4D-9478-4C599D74366C}.Release|iPhoneSimulator.Build.0 = Release|iPhoneSimulator
		{CDF78B6E-07F3-4A4D-9478-4C599D74366C}.Release|x64.ActiveCfg = Release|iPhone
		{CDF78B6E-07F3-4A4D-9478-4C599D74366C}.Release|x86.ActiveCfg = Release|iPhone
		{5F47DB8E-924D-4255-9839-AA3737E8B988}.Ad-Hoc|Any CPU.ActiveCfg = Release|x86
		{5F47DB8E-924D-4255-9839-AA3737E8B988}.Ad-Hoc|Any CPU.Build.0 = Release|x86
		{5F47DB8E-924D-4255-9839-AA3737E8B988}.Ad-Hoc|Any CPU.Deploy.0 = Release|x86
		{5F47DB8E-924D-4255-9839-AA3737E8B988}.Ad-Hoc|ARM.ActiveCfg = Release|ARM
		{5F47DB8E-924D-4255-9839-AA3737E8B988}.Ad-Hoc|ARM.Build.0 = Release|ARM
		{5F47DB8E-924D-4255-9839-AA3737E8B988}.Ad-Hoc|ARM.Deploy.0 = Release|ARM
		{5F47DB8E-924D-4255-9839-AA3737E8B988}.Ad-Hoc|iPhone.ActiveCfg = Release|x86
		{5F47DB8E-924D-4255-9839-AA3737E8B988}.Ad-Hoc|iPhone.Build.0 = Release|x86
		{5F47DB8E-924D-4255-9839-AA3737E8B988}.Ad-Hoc|iPhone.Deploy.0 = Release|x86
		{5F47DB8E-924D-4255-9839-AA3737E8B988}.Ad-Hoc|iPhoneSimulator.ActiveCfg = Release|x86
		{5F47DB8E-924D-4255-9839-AA3737E8B988}.Ad-Hoc|iPhoneSimulator.Build.0 = Release|x86
		{5F47DB8E-924D-4255-9839-AA3737E8B988}.Ad-Hoc|iPhoneSimulator.Deploy.0 = Release|x86
		{5F47DB8E-924D-4255-9839-AA3737E8B988}.Ad-Hoc|x64.ActiveCfg = Release|x64
		{5F47DB8E-924D-4255-9839-AA3737E8B988}.Ad-Hoc|x64.Build.0 = Release|x64
		{5F47DB8E-924D-4255-9839-AA3737E8B988}.Ad-Hoc|x64.Deploy.0 = Release|x64
		{5F47DB8E-924D-4255-9839-AA3737E8B988}.Ad-Hoc|x86.ActiveCfg = Release|x86
		{5F47DB8E-924D-4255-9839-AA3737E8B988}.Ad-Hoc|x86.Build.0 = Release|x86
		{5F47DB8E-924D-4255-9839-AA3737E8B988}.Ad-Hoc|x86.Deploy.0 = Release|x86
		{5F47DB8E-924D-4255-9839-AA3737E8B988}.AppStore|Any CPU.ActiveCfg = Release|x86
		{5F47DB8E-924D-4255-9839-AA3737E8B988}.AppStore|Any CPU.Build.0 = Release|x86
		{5F47DB8E-924D-4255-9839-AA3737E8B988}.AppStore|Any CPU.Deploy.0 = Release|x86
		{5F47DB8E-924D-4255-9839-AA3737E8B988}.AppStore|ARM.ActiveCfg = Release|ARM
		{5F47DB8E-924D-4255-9839-AA3737E8B988}.AppStore|ARM.Build.0 = Release|ARM
		{5F47DB8E-924D-4255-9839-AA3737E8B988}.AppStore|ARM.Deploy.0 = Release|ARM
		{5F47DB8E-924D-4255-9839-AA3737E8B988}.AppStore|iPhone.ActiveCfg = Release|x86
		{5F47DB8E-924D-4255-9839-AA3737E8B988}.AppStore|iPhone.Build.0 = Release|x86
		{5F47DB8E-924D-4255-9839-AA3737E8B988}.AppStore|iPhone.Deploy.0 = Release|x86
		{5F47DB8E-924D-4255-9839-AA3737E8B988}.AppStore|iPhoneSimulator.ActiveCfg = Release|x86
		{5F47DB8E-924D-4255-9839-AA3737E8B988}.AppStore|iPhoneSimulator.Build.0 = Release|x86
		{5F47DB8E-924D-4255-9839-AA3737E8B988}.AppStore|iPhoneSimulator.Deploy.0 = Release|x86
		{5F47DB8E-924D-4255-9839-AA3737E8B988}.AppStore|x64.ActiveCfg = Release|x64
		{5F47DB8E-924D-4255-9839-AA3737E8B988}.AppStore|x64.Build.0 = Release|x64
		{5F47DB8E-924D-4255-9839-AA3737E8B988}.AppStore|x64.Deploy.0 = Release|x64
		{5F47DB8E-924D-4255-9839-AA3737E8B988}.AppStore|x86.ActiveCfg = Release|x86
		{5F47DB8E-924D-4255-9839-AA3737E8B988}.AppStore|x86.Build.0 = Release|x86
		{5F47DB8E-924D-4255-9839-AA3737E8B988}.AppStore|x86.Deploy.0 = Release|x86
		{5F47DB8E-924D-4255-9839-AA3737E8B988}.Debug|Any CPU.ActiveCfg = Debug|x86
		{5F47DB8E-924D-4255-9839-AA3737E8B988}.Debug|ARM.ActiveCfg = Debug|ARM
		{5F47DB8E-924D-4255-9839-AA3737E8B988}.Debug|ARM.Build.0 = Debug|ARM
		{5F47DB8E-924D-4255-9839-AA3737E8B988}.Debug|ARM.Deploy.0 = Debug|ARM
		{5F47DB8E-924D-4255-9839-AA3737E8B988}.Debug|iPhone.ActiveCfg = Debug|x86
		{5F47DB8E-924D-4255-9839-AA3737E8B988}.Debug|iPhoneSimulator.ActiveCfg = Debug|x86
		{5F47DB8E-924D-4255-9839-AA3737E8B988}.Debug|x64.ActiveCfg = Debug|x64
		{5F47DB8E-924D-4255-9839-AA3737E8B988}.Debug|x64.Build.0 = Debug|x64
		{5F47DB8E-924D-4255-9839-AA3737E8B988}.Debug|x64.Deploy.0 = Debug|x64
		{5F47DB8E-924D-4255-9839-AA3737E8B988}.Debug|x86.ActiveCfg = Debug|x86
		{5F47DB8E-924D-4255-9839-AA3737E8B988}.Debug|x86.Build.0 = Debug|x86
		{5F47DB8E-924D-4255-9839-AA3737E8B988}.Debug|x86.Deploy.0 = Debug|x86
		{5F47DB8E-924D-4255-9839-AA3737E8B988}.Release|Any CPU.ActiveCfg = Release|x86
		{5F47DB8E-924D-4255-9839-AA3737E8B988}.Release|ARM.ActiveCfg = Release|ARM
		{5F47DB8E-924D-4255-9839-AA3737E8B988}.Release|ARM.Build.0 = Release|ARM
		{5F47DB8E-924D-4255-9839-AA3737E8B988}.Release|ARM.Deploy.0 = Release|ARM
		{5F47DB8E-924D-4255-9839-AA3737E8B988}.Release|iPhone.ActiveCfg = Release|x86
		{5F47DB8E-924D-4255-9839-AA3737E8B988}.Release|iPhoneSimulator.ActiveCfg = Release|x86
		{5F47DB8E-924D-4255-9839-AA3737E8B988}.Release|x64.ActiveCfg = Release|x64
		{5F47DB8E-924D-4255-9839-AA3737E8B988}.Release|x64.Build.0 = Release|x64
		{5F47DB8E-924D-4255-9839-AA3737E8B988}.Release|x64.Deploy.0 = Release|x64
		{5F47DB8E-924D-4255-9839-AA3737E8B988}.Release|x86.ActiveCfg = Release|x86
		{5F47DB8E-924D-4255-9839-AA3737E8B988}.Release|x86.Build.0 = Release|x86
		{5F47DB8E-924D-4255-9839-AA3737E8B988}.Release|x86.Deploy.0 = Release|x86
	EndGlobalSection
	GlobalSection(SolutionProperties) = preSolution
		HideSolutionNode = FALSE
	EndGlobalSection
EndGlobal
